
Microsoft Visual Studio Solution File, Format Version 12.00
# Visual Studio Version 17
VisualStudioVersion = 17.9.34723.18
MinimumVisualStudioVersion = 10.0.40219.1
Project("{9A19103F-16F7-4668-BE54-9A1E7A4F7556}") = "Query_Service", "Query_Service\Query_Service\Query_Service.csproj", "{173092B3-4CF4-4500-BB06-115A32BE44DD}"
EndProject
Project("{9A19103F-16F7-4668-BE54-9A1E7A4F7556}") = "Query_Service.Client", "Query_Service\Query_Service.Client\Query_Service.Client.csproj", "{159E04E8-DE5C-45E2-AF79-7326D34C8588}"
EndProject
Project("{2150E333-8FDC-42A3-9474-1A3956D46DE8}") = "Query_Service", "Query_Service", "{ABB551C3-9559-47CA-8010-A03EE6EC072E}"
EndProject
Project("{E53339B2-1760-4266-BCC7-CA923CBCF16C}") = "docker-compose", "docker-compose.dcproj", "{9C322AA4-FA8E-4701-AA94-86F692207150}"
EndProject
Project("{9A19103F-16F7-4668-BE54-9A1E7A4F7556}") = "Data_Access", "Data_Access\Data_Access.csproj", "{8C019262-9329-422E-AF4D-923B2B2D5E03}"
EndProject
Project("{2150E333-8FDC-42A3-9474-1A3956D46DE8}") = "_support_files", "_support_files", "{F4220D66-70B4-496E-9EB4-498ED27D23CD}"
	ProjectSection(SolutionItems) = preProject
		Data_Access\Stored procedures\mysqldb-11-04-2024.tar.bz2 = Data_Access\Stored procedures\mysqldb-11-04-2024.tar.bz2
		Data_Access\Stored procedures\mysqldb-11-04-2024.tar.gz = Data_Access\Stored procedures\mysqldb-11-04-2024.tar.gz
		_support_files\mysql_authentication_schema.sql = _support_files\mysql_authentication_schema.sql
		_support_files\volume_backup_container.sh = _support_files\volume_backup_container.sh
		_support_files\volume_backup_direct.yml = _support_files\volume_backup_direct.yml
		_support_files\volume_restore_container.sh = _support_files\volume_restore_container.sh
		_support_files\volume_restore_direct.yml = _support_files\volume_restore_direct.yml
	EndProjectSection
EndProject
Project("{9A19103F-16F7-4668-BE54-9A1E7A4F7556}") = "Data_Messages", "Data_Messages\Data_Messages.csproj", "{31FE26FA-137D-4942-B6BD-9BEAFE214224}"
EndProject
Project("{2150E333-8FDC-42A3-9474-1A3956D46DE8}") = "Societal_Service", "Societal_Service", "{B12229FB-B531-4091-B7BC-982A06D3DDE7}"
EndProject
Project("{9A19103F-16F7-4668-BE54-9A1E7A4F7556}") = "Societal_Service", "Societal_Service\Societal_Service\Societal_Service.csproj", "{8FEDB1DE-FE19-4C7C-B5CC-8435E4776FE7}"
EndProject
Project("{2150E333-8FDC-42A3-9474-1A3956D46DE8}") = "Search_Service", "Search_Service", "{24446A7A-D32E-410B-A001-71A2182E427D}"
EndProject
Project("{2150E333-8FDC-42A3-9474-1A3956D46DE8}") = "Website_Service", "Website_Service", "{8E5823B5-8586-4717-A2BB-71B918740283}"
	ProjectSection(SolutionItems) = preProject
		Societal_Service\Societal_Service\Program.cs = Societal_Service\Societal_Service\Program.cs
	EndProjectSection
EndProject
Project("{2150E333-8FDC-42A3-9474-1A3956D46DE8}") = "_system", "_system", "{F3921A5B-FC36-450F-8EB6-2B42F76B7273}"
EndProject
Project("{9A19103F-16F7-4668-BE54-9A1E7A4F7556}") = "ELIAS_Gateway", "_system\ELIAS_Gateway\ELIAS_Gateway.csproj", "{8DBDF263-F7E1-4EB6-B939-45CBFE09274C}"
EndProject
Project("{FAE04EC0-301F-11D3-BF4B-00C04F79EFBC}") = "Settings", "Settings\Settings.csproj", "{CB8696B7-49B8-4D04-B215-1063892E4F62}"
EndProject
Global
	GlobalSection(SolutionConfigurationPlatforms) = preSolution
		Debug|Any CPU = Debug|Any CPU
		Release|Any CPU = Release|Any CPU
	EndGlobalSection
	GlobalSection(ProjectConfigurationPlatforms) = postSolution
		{173092B3-4CF4-4500-BB06-115A32BE44DD}.Debug|Any CPU.ActiveCfg = Debug|Any CPU
		{173092B3-4CF4-4500-BB06-115A32BE44DD}.Debug|Any CPU.Build.0 = Debug|Any CPU
		{173092B3-4CF4-4500-BB06-115A32BE44DD}.Release|Any CPU.ActiveCfg = Release|Any CPU
		{173092B3-4CF4-4500-BB06-115A32BE44DD}.Release|Any CPU.Build.0 = Release|Any CPU
		{159E04E8-DE5C-45E2-AF79-7326D34C8588}.Debug|Any CPU.ActiveCfg = Debug|Any CPU
		{159E04E8-DE5C-45E2-AF79-7326D34C8588}.Debug|Any CPU.Build.0 = Debug|Any CPU
		{159E04E8-DE5C-45E2-AF79-7326D34C8588}.Release|Any CPU.ActiveCfg = Release|Any CPU
		{159E04E8-DE5C-45E2-AF79-7326D34C8588}.Release|Any CPU.Build.0 = Release|Any CPU
		{9C322AA4-FA8E-4701-AA94-86F692207150}.Debug|Any CPU.ActiveCfg = Debug|Any CPU
		{9C322AA4-FA8E-4701-AA94-86F692207150}.Debug|Any CPU.Build.0 = Debug|Any CPU
		{9C322AA4-FA8E-4701-AA94-86F692207150}.Release|Any CPU.ActiveCfg = Release|Any CPU
		{9C322AA4-FA8E-4701-AA94-86F692207150}.Release|Any CPU.Build.0 = Release|Any CPU
		{8C019262-9329-422E-AF4D-923B2B2D5E03}.Debug|Any CPU.ActiveCfg = Debug|Any CPU
		{8C019262-9329-422E-AF4D-923B2B2D5E03}.Debug|Any CPU.Build.0 = Debug|Any CPU
		{8C019262-9329-422E-AF4D-923B2B2D5E03}.Release|Any CPU.ActiveCfg = Release|Any CPU
		{8C019262-9329-422E-AF4D-923B2B2D5E03}.Release|Any CPU.Build.0 = Release|Any CPU
		{31FE26FA-137D-4942-B6BD-9BEAFE214224}.Debug|Any CPU.ActiveCfg = Debug|Any CPU
		{31FE26FA-137D-4942-B6BD-9BEAFE214224}.Debug|Any CPU.Build.0 = Debug|Any CPU
		{31FE26FA-137D-4942-B6BD-9BEAFE214224}.Release|Any CPU.ActiveCfg = Release|Any CPU
		{31FE26FA-137D-4942-B6BD-9BEAFE214224}.Release|Any CPU.Build.0 = Release|Any CPU
		{8FEDB1DE-FE19-4C7C-B5CC-8435E4776FE7}.Debug|Any CPU.ActiveCfg = Debug|Any CPU
		{8FEDB1DE-FE19-4C7C-B5CC-8435E4776FE7}.Debug|Any CPU.Build.0 = Debug|Any CPU
		{8FEDB1DE-FE19-4C7C-B5CC-8435E4776FE7}.Release|Any CPU.ActiveCfg = Release|Any CPU
		{8FEDB1DE-FE19-4C7C-B5CC-8435E4776FE7}.Release|Any CPU.Build.0 = Release|Any CPU
		{8DBDF263-F7E1-4EB6-B939-45CBFE09274C}.Debug|Any CPU.ActiveCfg = Debug|Any CPU
		{8DBDF263-F7E1-4EB6-B939-45CBFE09274C}.Debug|Any CPU.Build.0 = Debug|Any CPU
		{8DBDF263-F7E1-4EB6-B939-45CBFE09274C}.Release|Any CPU.ActiveCfg = Release|Any CPU
		{8DBDF263-F7E1-4EB6-B939-45CBFE09274C}.Release|Any CPU.Build.0 = Release|Any CPU
		{CB8696B7-49B8-4D04-B215-1063892E4F62}.Debug|Any CPU.ActiveCfg = Debug|Any CPU
		{CB8696B7-49B8-4D04-B215-1063892E4F62}.Debug|Any CPU.Build.0 = Debug|Any CPU
		{CB8696B7-49B8-4D04-B215-1063892E4F62}.Release|Any CPU.ActiveCfg = Release|Any CPU
		{CB8696B7-49B8-4D04-B215-1063892E4F62}.Release|Any CPU.Build.0 = Release|Any CPU
	EndGlobalSection
	GlobalSection(SolutionProperties) = preSolution
		HideSolutionNode = FALSE
	EndGlobalSection
	GlobalSection(NestedProjects) = preSolution
		{173092B3-4CF4-4500-BB06-115A32BE44DD} = {ABB551C3-9559-47CA-8010-A03EE6EC072E}
		{159E04E8-DE5C-45E2-AF79-7326D34C8588} = {ABB551C3-9559-47CA-8010-A03EE6EC072E}
		{8FEDB1DE-FE19-4C7C-B5CC-8435E4776FE7} = {B12229FB-B531-4091-B7BC-982A06D3DDE7}
		{8DBDF263-F7E1-4EB6-B939-45CBFE09274C} = {F3921A5B-FC36-450F-8EB6-2B42F76B7273}
	EndGlobalSection
	GlobalSection(ExtensibilityGlobals) = postSolution
		SolutionGuid = {06372965-15D7-4D1E-B1E1-7C5978B3CE70}
	EndGlobalSection
EndGlobal
